
Microsoft Visual Studio Solution File, Format Version 12.00
# Visual Studio Version 17
VisualStudioVersion = 17.0.31912.275
MinimumVisualStudioVersion = 10.0.40219.1
Project("{FAE04EC0-301F-11D3-BF4B-00C04F79EFBC}") = "LoginDM", "LoginDM\LoginDM.csproj", "{D8DC9623-8F1D-41D5-8A79-D5145D92D42A}"
EndProject
Project("{2150E333-8FDC-42A3-9474-1A3956D46DE8}") = "Solution Items", "Solution Items", "{EE9C05D1-FB1B-443B-9136-4F0115F549AA}"
	ProjectSection(SolutionItems) = preProject
		cNetworkDrives0015.cs = cNetworkDrives0015.cs
	EndProjectSection
EndProject
Global
	GlobalSection(SolutionConfigurationPlatforms) = preSolution
		Debug|Any CPU = Debug|Any CPU
		Release|Any CPU = Release|Any CPU
	EndGlobalSection
	GlobalSection(ProjectConfigurationPlatforms) = postSolution
		{D8DC9623-8F1D-41D5-8A79-D5145D92D42A}.Debug|Any CPU.ActiveCfg = Debug|Any CPU
		{D8DC9623-8F1D-41D5-8A79-D5145D92D42A}.Debug|Any CPU.Build.0 = Debug|Any CPU
		{D8DC9623-8F1D-41D5-8A79-D5145D92D42A}.Release|Any CPU.ActiveCfg = Release|Any CPU
		{D8DC9623-8F1D-41D5-8A79-D5145D92D42A}.Release|Any CPU.Build.0 = Release|Any CPU
	EndGlobalSection
	GlobalSection(SolutionProperties) = preSolution
		HideSolutionNode = FALSE
	EndGlobalSection
	GlobalSection(ExtensibilityGlobals) = postSolution
		SolutionGuid = {55E10C27-40C1-4793-B462-3E7E6894A0A3}
	EndGlobalSection
EndGlobal
